
Microsoft Visual Studio Solution File, Format Version 12.00
# Visual Studio Version 17
VisualStudioVersion = 17.8.34408.163
MinimumVisualStudioVersion = 10.0.40219.1
Project("{FAE04EC0-301F-11D3-BF4B-00C04F79EFBC}") = "MediaControlCLI", "MediaControlCLI\MediaControlCLI.csproj", "{49C11B8E-802B-43B5-ADFE-DF50B9F1A64C}"
EndProject
Global
	GlobalSection(SolutionConfigurationPlatforms) = preSolution
		Debug|Any CPU = Debug|Any CPU
		Release|Any CPU = Release|Any CPU
	EndGlobalSection
	GlobalSection(ProjectConfigurationPlatforms) = postSolution
		{49C11B8E-802B-43B5-ADFE-DF50B9F1A64C}.Debug|Any CPU.ActiveCfg = Debug|Any CPU
		{49C11B8E-802B-43B5-ADFE-DF50B9F1A64C}.Debug|Any CPU.Build.0 = Debug|Any CPU
		{49C11B8E-802B-43B5-ADFE-DF50B9F1A64C}.Release|Any CPU.ActiveCfg = Release|Any CPU
		{49C11B8E-802B-43B5-ADFE-DF50B9F1A64C}.Release|Any CPU.Build.0 = Release|Any CPU
	EndGlobalSection
	GlobalSection(SolutionProperties) = preSolution
		HideSolutionNode = FALSE
	EndGlobalSection
	GlobalSection(ExtensibilityGlobals) = postSolution
		SolutionGuid = {50B83446-5C4E-45C2-90BD-57BBC55EFDB6}
	EndGlobalSection
EndGlobal
